
Microsoft Visual Studio Solution File, Format Version 12.00
# Visual Studio Version 17
VisualStudioVersion = 17.4.33205.214
MinimumVisualStudioVersion = 10.0.40219.1
Project("{9A19103F-16F7-4668-BE54-9A1E7A4F7556}") = "BlazorWeb", "..\CCMS_frontend\Client\BlazorWeb.csproj", "{A5782DE9-F372-40CC-9804-465FA2083322}"
EndProject
Project("{9A19103F-16F7-4668-BE54-9A1E7A4F7556}") = "ASPNETCore", "ASPNETCore\ASPNETCore.csproj", "{87FE726B-2462-4BBE-8CAB-61922855DA5C}"
EndProject
Global
	GlobalSection(SolutionConfigurationPlatforms) = preSolution
		Debug|Any CPU = Debug|Any CPU
		Release|Any CPU = Release|Any CPU
	EndGlobalSection
	GlobalSection(ProjectConfigurationPlatforms) = postSolution
		{A5782DE9-F372-40CC-9804-465FA2083322}.Debug|Any CPU.ActiveCfg = Debug|Any CPU
		{A5782DE9-F372-40CC-9804-465FA2083322}.Debug|Any CPU.Build.0 = Debug|Any CPU
		{A5782DE9-F372-40CC-9804-465FA2083322}.Release|Any CPU.ActiveCfg = Release|Any CPU
		{A5782DE9-F372-40CC-9804-465FA2083322}.Release|Any CPU.Build.0 = Release|Any CPU
		{87FE726B-2462-4BBE-8CAB-61922855DA5C}.Debug|Any CPU.ActiveCfg = Debug|Any CPU
		{87FE726B-2462-4BBE-8CAB-61922855DA5C}.Debug|Any CPU.Build.0 = Debug|Any CPU
		{87FE726B-2462-4BBE-8CAB-61922855DA5C}.Release|Any CPU.ActiveCfg = Release|Any CPU
		{87FE726B-2462-4BBE-8CAB-61922855DA5C}.Release|Any CPU.Build.0 = Release|Any CPU
	EndGlobalSection
	GlobalSection(SolutionProperties) = preSolution
		HideSolutionNode = FALSE
	EndGlobalSection
	GlobalSection(ExtensibilityGlobals) = postSolution
		SolutionGuid = {9853A4D6-202C-4FC9-AE03-BDC5D3BDA539}
	EndGlobalSection
EndGlobal
